
Microsoft Visual Studio Solution File, Format Version 12.00
# Visual Studio Version 16
VisualStudioVersion = 16.0.31313.79
MinimumVisualStudioVersion = 10.0.40219.1
Project("{9A19103F-16F7-4668-BE54-9A1E7A4F7556}") = "DataAccess", "DataAccess\DataAccess.csproj", "{468F3E5E-08DB-4ED0-B939-61A0C097832A}"
EndProject
Project("{9A19103F-16F7-4668-BE54-9A1E7A4F7556}") = "Business", "Business\Business.csproj", "{6BAE015F-A1B5-41DE-B2DD-5FD457B83519}"
EndProject
Project("{9A19103F-16F7-4668-BE54-9A1E7A4F7556}") = "Entities", "Entities\Entities.csproj", "{C6112777-C2E3-4F2A-A779-FCF1C2B03E50}"
EndProject
Project("{9A19103F-16F7-4668-BE54-9A1E7A4F7556}") = "ConsoleUI", "ConsoleUI\ConsoleUI.csproj", "{514B0BD1-4CFB-45EE-90EE-712CC04A09E3}"
EndProject
Project("{FAE04EC0-301F-11D3-BF4B-00C04F79EFBC}") = "Core", "Core\Core.csproj", "{251D9A55-91CC-4066-BA46-E2A251C70331}"
EndProject
Global
	GlobalSection(SolutionConfigurationPlatforms) = preSolution
		Debug|Any CPU = Debug|Any CPU
		Release|Any CPU = Release|Any CPU
	EndGlobalSection
	GlobalSection(ProjectConfigurationPlatforms) = postSolution
		{468F3E5E-08DB-4ED0-B939-61A0C097832A}.Debug|Any CPU.ActiveCfg = Debug|Any CPU
		{468F3E5E-08DB-4ED0-B939-61A0C097832A}.Debug|Any CPU.Build.0 = Debug|Any CPU
		{468F3E5E-08DB-4ED0-B939-61A0C097832A}.Release|Any CPU.ActiveCfg = Release|Any CPU
		{468F3E5E-08DB-4ED0-B939-61A0C097832A}.Release|Any CPU.Build.0 = Release|Any CPU
		{6BAE015F-A1B5-41DE-B2DD-5FD457B83519}.Debug|Any CPU.ActiveCfg = Debug|Any CPU
		{6BAE015F-A1B5-41DE-B2DD-5FD457B83519}.Debug|Any CPU.Build.0 = Debug|Any CPU
		{6BAE015F-A1B5-41DE-B2DD-5FD457B83519}.Release|Any CPU.ActiveCfg = Release|Any CPU
		{6BAE015F-A1B5-41DE-B2DD-5FD457B83519}.Release|Any CPU.Build.0 = Release|Any CPU
		{C6112777-C2E3-4F2A-A779-FCF1C2B03E50}.Debug|Any CPU.ActiveCfg = Debug|Any CPU
		{C6112777-C2E3-4F2A-A779-FCF1C2B03E50}.Debug|Any CPU.Build.0 = Debug|Any CPU
		{C6112777-C2E3-4F2A-A779-FCF1C2B03E50}.Release|Any CPU.ActiveCfg = Release|Any CPU
		{C6112777-C2E3-4F2A-A779-FCF1C2B03E50}.Release|Any CPU.Build.0 = Release|Any CPU
		{514B0BD1-4CFB-45EE-90EE-712CC04A09E3}.Debug|Any CPU.ActiveCfg = Debug|Any CPU
		{514B0BD1-4CFB-45EE-90EE-712CC04A09E3}.Debug|Any CPU.Build.0 = Debug|Any CPU
		{514B0BD1-4CFB-45EE-90EE-712CC04A09E3}.Release|Any CPU.ActiveCfg = Release|Any CPU
		{514B0BD1-4CFB-45EE-90EE-712CC04A09E3}.Release|Any CPU.Build.0 = Release|Any CPU
		{251D9A55-91CC-4066-BA46-E2A251C70331}.Debug|Any CPU.ActiveCfg = Debug|Any CPU
		{251D9A55-91CC-4066-BA46-E2A251C70331}.Debug|Any CPU.Build.0 = Debug|Any CPU
		{251D9A55-91CC-4066-BA46-E2A251C70331}.Release|Any CPU.ActiveCfg = Release|Any CPU
		{251D9A55-91CC-4066-BA46-E2A251C70331}.Release|Any CPU.Build.0 = Release|Any CPU
	EndGlobalSection
	GlobalSection(SolutionProperties) = preSolution
		HideSolutionNode = FALSE
	EndGlobalSection
	GlobalSection(ExtensibilityGlobals) = postSolution
		SolutionGuid = {EFDE686A-1278-4450-BCAD-28E2B9623069}
	EndGlobalSection
EndGlobal
